
Microsoft Visual Studio Solution File, Format Version 12.00
# Visual Studio 15
VisualStudioVersion = 15.0.27428.2011
MinimumVisualStudioVersion = 10.0.40219.1
Project("{8BC9CEB8-8B4A-11D0-8D11-00A0C91BC942}") = "PassPartu", "PassPartu\PassPartu.vcxproj", "{49ED93AF-F85D-49DD-8764-0D5A950D8A09}"
EndProject
Global
	GlobalSection(SolutionConfigurationPlatforms) = preSolution
		Debug|x64 = Debug|x64
		Debug|x86 = Debug|x86
		Release|x64 = Release|x64
		Release|x86 = Release|x86
	EndGlobalSection
	GlobalSection(ProjectConfigurationPlatforms) = postSolution
		{49ED93AF-F85D-49DD-8764-0D5A950D8A09}.Debug|x64.ActiveCfg = Debug|x64
		{49ED93AF-F85D-49DD-8764-0D5A950D8A09}.Debug|x64.Build.0 = Debug|x64
		{49ED93AF-F85D-49DD-8764-0D5A950D8A09}.Debug|x86.ActiveCfg = Debug|Win32
		{49ED93AF-F85D-49DD-8764-0D5A950D8A09}.Debug|x86.Build.0 = Debug|Win32
		{49ED93AF-F85D-49DD-8764-0D5A950D8A09}.Release|x64.ActiveCfg = Release|x64
		{49ED93AF-F85D-49DD-8764-0D5A950D8A09}.Release|x64.Build.0 = Release|x64
		{49ED93AF-F85D-49DD-8764-0D5A950D8A09}.Release|x86.ActiveCfg = Release|Win32
		{49ED93AF-F85D-49DD-8764-0D5A950D8A09}.Release|x86.Build.0 = Release|Win32
	EndGlobalSection
	GlobalSection(SolutionProperties) = preSolution
		HideSolutionNode = FALSE
	EndGlobalSection
	GlobalSection(ExtensibilityGlobals) = postSolution
		SolutionGuid = {79CD6427-B41E-4DD8-88DC-474D6F1E9E5B}
	EndGlobalSection
EndGlobal
